
Microsoft Visual Studio Solution File, Format Version 11.00
# Visual Studio 2010
Project("{FAE04EC0-301F-11D3-BF4B-00C04F79EFBC}") = "Assembly-CSharp", "Assembly-CSharp.csproj", "{98A9A889-49C3-0D40-C2B5-E26A9FBC1EB1}"
EndProject
Global
	GlobalSection(SolutionConfigurationPlatforms) = preSolution
		Debug|Any CPU = Debug|Any CPU
		Release|Any CPU = Release|Any CPU
	EndGlobalSection
	GlobalSection(ProjectConfigurationPlatforms) = postSolution
		{98A9A889-49C3-0D40-C2B5-E26A9FBC1EB1}.Debug|Any CPU.ActiveCfg = Debug|Any CPU
		{98A9A889-49C3-0D40-C2B5-E26A9FBC1EB1}.Debug|Any CPU.Build.0 = Debug|Any CPU
		{98A9A889-49C3-0D40-C2B5-E26A9FBC1EB1}.Release|Any CPU.ActiveCfg = Release|Any CPU
		{98A9A889-49C3-0D40-C2B5-E26A9FBC1EB1}.Release|Any CPU.Build.0 = Release|Any CPU
	EndGlobalSection
	GlobalSection(SolutionProperties) = preSolution
		HideSolutionNode = FALSE
	EndGlobalSection
EndGlobal
